
Microsoft Visual Studio Solution File, Format Version 12.00
# Visual Studio 15
VisualStudioVersion = 15.0.26730.3
MinimumVisualStudioVersion = 10.0.40219.1
Project("{FAE04EC0-301F-11D3-BF4B-00C04F79EFBC}") = "WebApplication1", "WebApplication1\WebApplication1.csproj", "{6CC7ED7D-7060-4043-A98D-AEB987AD5318}"
EndProject
Global
	GlobalSection(SolutionConfigurationPlatforms) = preSolution
		Debug|Any CPU = Debug|Any CPU
		Release|Any CPU = Release|Any CPU
	EndGlobalSection
	GlobalSection(ProjectConfigurationPlatforms) = postSolution
		{6CC7ED7D-7060-4043-A98D-AEB987AD5318}.Debug|Any CPU.ActiveCfg = Debug|Any CPU
		{6CC7ED7D-7060-4043-A98D-AEB987AD5318}.Debug|Any CPU.Build.0 = Debug|Any CPU
		{6CC7ED7D-7060-4043-A98D-AEB987AD5318}.Release|Any CPU.ActiveCfg = Release|Any CPU
		{6CC7ED7D-7060-4043-A98D-AEB987AD5318}.Release|Any CPU.Build.0 = Release|Any CPU
	EndGlobalSection
	GlobalSection(SolutionProperties) = preSolution
		HideSolutionNode = FALSE
	EndGlobalSection
	GlobalSection(ExtensibilityGlobals) = postSolution
		SolutionGuid = {11119780-40F0-4BC0-8949-009E264B0BD4}
	EndGlobalSection
EndGlobal
